# This file is automatically @generated by Cargo.
# It is not intended for manual editing.
version = 3

[[package]]
name = "socket2"
version = "0.5.5"
source = "registry+https://github.com/rust-lang/crates.io-index"
checksum = "7b5fac59a5cb5dd637972e5fca70daf0523c9067fcdc4842f053dae04a18f8e9"
dependencies = [
 "libc",
 "windows-sys 0.48.0",
]


[[package]]
name = "step_1"
version = "0.1.0"

[[package]]
name = "step_1_1"
version = "0.1.0"

[[package]]
name = "step_1_2"
version = "0.1.0"
dependencies = [
 "pin-project",
]

[[package]]
name = "step_1_3"
version = "0.1.0"

[[package]]
name = "step_1_4"
version = "0.1.0"

[[package]]
name = "step_1_5"
version = "0.1.0"
dependencies = [
 "rand 0.8.5",
 "regex",
]

[[package]]
name = "step_1_6"
version = "0.1.0"

[[package]]
name = "step_1_7"
version = "0.1.0"

[[package]]
name = "step_1_8"
version = "0.1.0"

[[package]]
name = "step_1_9"
version = "0.1.0"
dependencies = [
 "rand 0.8.5",
]

[[package]]
name = "step_2"
version = "0.1.0"

[[package]]
name = "step_2_1"
version = "0.1.0"

[[package]]
name = "step_2_2"
version = "0.1.0"

[[package]]
name = "step_2_3"
version = "0.1.0"

[[package]]
name = "step_2_4"
version = "0.1.0"

[[package]]
name = "step_2_5"
version = "0.1.0"

[[package]]
name = "step_2_6"
version = "0.1.0"

[[package]]
name = "step_3"
version = "0.1.0"

[[package]]
name = "step_3_1"
version = "0.1.0"
dependencies = [
 "assert_cmd",
 "cucumber",
 "mockall",
 "proptest",
 "rand",
 "tokio",
]

[[package]]
name = "step_3_10"
version = "0.1.0"
dependencies = [
 "crossbeam",
 "rand",
 "rayon",
]

[[package]]
name = "step_3_11"
version = "0.1.0"
dependencies = [
 "anyhow",
 "clap",
 "futures-util",
 "num_cpus",
 "reqwest",
 "tokio",
 "tokio-stream",
]

[[package]]
name = "step_3_2"
version = "0.1.0"

[[package]]
name = "step_3_3"
version = "0.1.0"
dependencies = [
 "time",
]

[[package]]
name = "step_3_4"
version = "0.1.0"
dependencies = [
 "pest",
 "pest_derive",
 "regex",
]

[[package]]
name = "step_3_5"
version = "0.1.0"
dependencies = [
 "im",
]

[[package]]
name = "step_3_6"
version = "0.1.0"
dependencies = [
 "humantime-serde",
 "serde",
 "serde_json",
 "serde_yaml",
 "time",
 "toml",
 "uuid",
]

[[package]]
name = "step_3_7"
version = "0.1.0"
dependencies = [
 "argonautica",
 "rand 0.8.5",
 "sha3",
]

[[package]]
name = "step_3_8"
version = "0.1.0"
dependencies = [
 "slog",
 "slog-json",
 "slog-scope",
 "slog-stdlog",
 "slog-term",
 "time",
]

[[package]]
name = "step_3_9"
version = "0.1.0"
dependencies = [
 "clap",
 "config",
 "humantime-serde",
 "serde",
 "smart-default",
]

[[package]]
name = "step_4"
version = "0.1.0"

[[package]]
name = "step_4_1"
version = "0.1.0"

[[package]]
name = "step_4_2"
version = "0.1.0"

[[package]]
name = "step_4_3"
version = "0.1.0"


